Microsoft Visual Studio Solution File, Format Version 12.00
# Visual Studio Version 17
VisualStudioVersion = 17.0.31903.59
MinimumVisualStudioVersion = 10.0.40219.1
Project("{FAE04EC0-301F-11D3-BF4B-00C04F79EFBC}") = "Client", "Client\Client.csproj", "{62F7AE2C-3F09-46F7-BF2E-837A32AB4F5A}"
EndProject
Project("{FAE04EC0-301F-11D3-BF4B-00C04F79EFBC}") = "Worker", "Worker\Worker.csproj", "{5E211685-5D13-499A-9226-C319D9C3D057}"
EndProject
Project("{FAE04EC0-301F-11D3-BF4B-00C04F79EFBC}") = "Shared", "Shared\Shared.csproj", "{FD60FF3D-89E1-4294-9F2D-F9F2DEF36EEB}"
EndProject
Global
	GlobalSection(SolutionConfigurationPlatforms) = preSolution
		Debug|Any CPU = Debug|Any CPU
		Release|Any CPU = Release|Any CPU
	EndGlobalSection
	GlobalSection(SolutionProperties) = preSolution
		HideSolutionNode = FALSE
	EndGlobalSection
	GlobalSection(ProjectConfigurationPlatforms) = postSolution
		{62F7AE2C-3F09-46F7-BF2E-837A32AB4F5A}.Debug|Any CPU.ActiveCfg = Debug|Any CPU
		{62F7AE2C-3F09-46F7-BF2E-837A32AB4F5A}.Debug|Any CPU.Build.0 = Debug|Any CPU
		{62F7AE2C-3F09-46F7-BF2E-837A32AB4F5A}.Release|Any CPU.ActiveCfg = Release|Any CPU
		{62F7AE2C-3F09-46F7-BF2E-837A32AB4F5A}.Release|Any CPU.Build.0 = Release|Any CPU
		{5E211685-5D13-499A-9226-C319D9C3D057}.Debug|Any CPU.ActiveCfg = Debug|Any CPU
		{5E211685-5D13-499A-9226-C319D9C3D057}.Debug|Any CPU.Build.0 = Debug|Any CPU
		{5E211685-5D13-499A-9226-C319D9C3D057}.Release|Any CPU.ActiveCfg = Release|Any CPU
		{5E211685-5D13-499A-9226-C319D9C3D057}.Release|Any CPU.Build.0 = Release|Any CPU
		{FD60FF3D-89E1-4294-9F2D-F9F2DEF36EEB}.Debug|Any CPU.ActiveCfg = Debug|Any CPU
		{FD60FF3D-89E1-4294-9F2D-F9F2DEF36EEB}.Debug|Any CPU.Build.0 = Debug|Any CPU
		{FD60FF3D-89E1-4294-9F2D-F9F2DEF36EEB}.Release|Any CPU.ActiveCfg = Release|Any CPU
		{FD60FF3D-89E1-4294-9F2D-F9F2DEF36EEB}.Release|Any CPU.Build.0 = Release|Any CPU
	EndGlobalSection
EndGlobal
